
Microsoft Visual Studio Solution File, Format Version 12.00
# Visual Studio Version 16
VisualStudioVersion = 16.0.29609.76
MinimumVisualStudioVersion = 10.0.40219.1
Project("{FAE04EC0-301F-11D3-BF4B-00C04F79EFBC}") = "MVOPSimplestApp.Android", "MVOPSimplestApp\MVOPSimplestApp.Android\MVOPSimplestApp.Android.csproj", "{568A2033-DF33-47DB-9B64-BA899B7EE7D7}"
EndProject
Project("{FAE04EC0-301F-11D3-BF4B-00C04F79EFBC}") = "MVOPSimplestApp.iOS", "MVOPSimplestApp\MVOPSimplestApp.iOS\MVOPSimplestApp.iOS.csproj", "{9C779B72-A48E-4BB9-A138-1793A1702121}"
EndProject
Project("{FAE04EC0-301F-11D3-BF4B-00C04F79EFBC}") = "MVOPSimplestApp", "MVOPSimplestApp\MVOPSimplestApp\MVOPSimplestApp.csproj", "{1C0B1182-48FC-4A10-8392-902ED8EF01CC}"
EndProject
Global
	GlobalSection(SolutionConfigurationPlatforms) = preSolution
		Debug|Any CPU = Debug|Any CPU
		Debug|iPhone = Debug|iPhone
		Debug|iPhoneSimulator = Debug|iPhoneSimulator
		Release|Any CPU = Release|Any CPU
		Release|iPhone = Release|iPhone
		Release|iPhoneSimulator = Release|iPhoneSimulator
	EndGlobalSection
	GlobalSection(ProjectConfigurationPlatforms) = postSolution
		{568A2033-DF33-47DB-9B64-BA899B7EE7D7}.Debug|Any CPU.ActiveCfg = Debug|Any CPU
		{568A2033-DF33-47DB-9B64-BA899B7EE7D7}.Debug|Any CPU.Build.0 = Debug|Any CPU
		{568A2033-DF33-47DB-9B64-BA899B7EE7D7}.Debug|Any CPU.Deploy.0 = Debug|Any CPU
		{568A2033-DF33-47DB-9B64-BA899B7EE7D7}.Debug|iPhone.ActiveCfg = Debug|Any CPU
		{568A2033-DF33-47DB-9B64-BA899B7EE7D7}.Debug|iPhone.Build.0 = Debug|Any CPU
		{568A2033-DF33-47DB-9B64-BA899B7EE7D7}.Debug|iPhone.Deploy.0 = Debug|Any CPU
		{568A2033-DF33-47DB-9B64-BA899B7EE7D7}.Debug|iPhoneSimulator.ActiveCfg = Debug|Any CPU
		{568A2033-DF33-47DB-9B64-BA899B7EE7D7}.Debug|iPhoneSimulator.Build.0 = Debug|Any CPU
		{568A2033-DF33-47DB-9B64-BA899B7EE7D7}.Debug|iPhoneSimulator.Deploy.0 = Debug|Any CPU
		{568A2033-DF33-47DB-9B64-BA899B7EE7D7}.Release|Any CPU.ActiveCfg = Release|Any CPU
		{568A2033-DF33-47DB-9B64-BA899B7EE7D7}.Release|Any CPU.Build.0 = Release|Any CPU
		{568A2033-DF33-47DB-9B64-BA899B7EE7D7}.Release|Any CPU.Deploy.0 = Release|Any CPU
		{568A2033-DF33-47DB-9B64-BA899B7EE7D7}.Release|iPhone.ActiveCfg = Release|Any CPU
		{568A2033-DF33-47DB-9B64-BA899B7EE7D7}.Release|iPhone.Build.0 = Release|Any CPU
		{568A2033-DF33-47DB-9B64-BA899B7EE7D7}.Release|iPhone.Deploy.0 = Release|Any CPU
		{568A2033-DF33-47DB-9B64-BA899B7EE7D7}.Release|iPhoneSimulator.ActiveCfg = Release|Any CPU
		{568A2033-DF33-47DB-9B64-BA899B7EE7D7}.Release|iPhoneSimulator.Build.0 = Release|Any CPU
		{568A2033-DF33-47DB-9B64-BA899B7EE7D7}.Release|iPhoneSimulator.Deploy.0 = Release|Any CPU
		{9C779B72-A48E-4BB9-A138-1793A1702121}.Debug|Any CPU.ActiveCfg = Debug|iPhoneSimulator
		{9C779B72-A48E-4BB9-A138-1793A1702121}.Debug|Any CPU.Deploy.0 = Debug|iPhoneSimulator
		{9C779B72-A48E-4BB9-A138-1793A1702121}.Debug|iPhone.ActiveCfg = Debug|iPhone
		{9C779B72-A48E-4BB9-A138-1793A1702121}.Debug|iPhone.Build.0 = Debug|iPhone
		{9C779B72-A48E-4BB9-A138-1793A1702121}.Debug|iPhone.Deploy.0 = Debug|iPhone
		{9C779B72-A48E-4BB9-A138-1793A1702121}.Debug|iPhoneSimulator.ActiveCfg = Debug|iPhoneSimulator
		{9C779B72-A48E-4BB9-A138-1793A1702121}.Debug|iPhoneSimulator.Build.0 = Debug|iPhoneSimulator
		{9C779B72-A48E-4BB9-A138-1793A1702121}.Debug|iPhoneSimulator.Deploy.0 = Debug|iPhoneSimulator
		{9C779B72-A48E-4BB9-A138-1793A1702121}.Release|Any CPU.ActiveCfg = Release|iPhone
		{9C779B72-A48E-4BB9-A138-1793A1702121}.Release|Any CPU.Build.0 = Release|iPhone
		{9C779B72-A48E-4BB9-A138-1793A1702121}.Release|Any CPU.Deploy.0 = Release|iPhone
		{9C779B72-A48E-4BB9-A138-1793A1702121}.Release|iPhone.ActiveCfg = Release|iPhone
		{9C779B72-A48E-4BB9-A138-1793A1702121}.Release|iPhone.Build.0 = Release|iPhone
		{9C779B72-A48E-4BB9-A138-1793A1702121}.Release|iPhone.Deploy.0 = Release|iPhone
		{9C779B72-A48E-4BB9-A138-1793A1702121}.Release|iPhoneSimulator.ActiveCfg = Release|iPhoneSimulator
		{9C779B72-A48E-4BB9-A138-1793A1702121}.Release|iPhoneSimulator.Build.0 = Release|iPhoneSimulator
		{9C779B72-A48E-4BB9-A138-1793A1702121}.Release|iPhoneSimulator.Deploy.0 = Release|iPhoneSimulator
		{1C0B1182-48FC-4A10-8392-902ED8EF01CC}.Debug|Any CPU.ActiveCfg = Debug|Any CPU
		{1C0B1182-48FC-4A10-8392-902ED8EF01CC}.Debug|Any CPU.Build.0 = Debug|Any CPU
		{1C0B1182-48FC-4A10-8392-902ED8EF01CC}.Debug|Any CPU.Deploy.0 = Debug|Any CPU
		{1C0B1182-48FC-4A10-8392-902ED8EF01CC}.Debug|iPhone.ActiveCfg = Debug|Any CPU
		{1C0B1182-48FC-4A10-8392-902ED8EF01CC}.Debug|iPhone.Build.0 = Debug|Any CPU
		{1C0B1182-48FC-4A10-8392-902ED8EF01CC}.Debug|iPhone.Deploy.0 = Debug|Any CPU
		{1C0B1182-48FC-4A10-8392-902ED8EF01CC}.Debug|iPhoneSimulator.ActiveCfg = Debug|Any CPU
		{1C0B1182-48FC-4A10-8392-902ED8EF01CC}.Debug|iPhoneSimulator.Build.0 = Debug|Any CPU
		{1C0B1182-48FC-4A10-8392-902ED8EF01CC}.Debug|iPhoneSimulator.Deploy.0 = Debug|Any CPU
		{1C0B1182-48FC-4A10-8392-902ED8EF01CC}.Release|Any CPU.ActiveCfg = Release|Any CPU
		{1C0B1182-48FC-4A10-8392-902ED8EF01CC}.Release|Any CPU.Build.0 = Release|Any CPU
		{1C0B1182-48FC-4A10-8392-902ED8EF01CC}.Release|Any CPU.Deploy.0 = Release|Any CPU
		{1C0B1182-48FC-4A10-8392-902ED8EF01CC}.Release|iPhone.ActiveCfg = Release|Any CPU
		{1C0B1182-48FC-4A10-8392-902ED8EF01CC}.Release|iPhone.Build.0 = Release|Any CPU
		{1C0B1182-48FC-4A10-8392-902ED8EF01CC}.Release|iPhone.Deploy.0 = Release|Any CPU
		{1C0B1182-48FC-4A10-8392-902ED8EF01CC}.Release|iPhoneSimulator.ActiveCfg = Release|Any CPU
		{1C0B1182-48FC-4A10-8392-902ED8EF01CC}.Release|iPhoneSimulator.Build.0 = Release|Any CPU
		{1C0B1182-48FC-4A10-8392-902ED8EF01CC}.Release|iPhoneSimulator.Deploy.0 = Release|Any CPU
	EndGlobalSection
	GlobalSection(SolutionProperties) = preSolution
		HideSolutionNode = FALSE
	EndGlobalSection
	GlobalSection(ExtensibilityGlobals) = postSolution
		SolutionGuid = {2F6264BF-9F6A-42CF-8EC0-8F445F5A0CCF}
	EndGlobalSection
EndGlobal
